{
  "nodes": {
    "auto-cpufreq": {
      "inputs": {
        "nixpkgs": [
          "nixpkgs"
        ]
      },
      "locked": {
        "lastModified": 1744578060,
        "narHash": "sha256-ApX5u3aXtmthemPSnZls/oxvqpNR7C9t4Ut57MTvces=",
        "owner": "AdnanHodzic",
        "repo": "auto-cpufreq",
        "rev": "b6493edc7033beac216b8836af4994e56c6682f4",
        "type": "github"
      },
      "original": {
        "owner": "AdnanHodzic",
        "ref": "master",
        "repo": "auto-cpufreq",
        "type": "github"
      }
    },
    "betterfox": {
      "flake": false,
      "locked": {
        "lastModified": 1740523396,
        "narHash": "sha256-5fD8ffAyIgQYJ0Z/bMEpqf17YghVQNaK+giZ1Tyk6/Q=",
        "owner": "yokoffing",
        "repo": "Betterfox",
        "rev": "6ef4cdbbe7bc3bb1d69a2291a25cc8841b39544a",
        "type": "github"
      },
      "original": {
        "owner": "yokoffing",
        "ref": "main",
        "repo": "Betterfox",
        "type": "github"
      }
    },
    "catppuccin-foot": {
      "flake": false,
      "locked": {
        "lastModified": 1727220871,
        "narHash": "sha256-eVH3BY2fZe0/OjqucM/IZthV8PMsM9XeIijOg8cNE1Y=",
        "owner": "catppuccin",
        "repo": "foot",
        "rev": "962ff1a5b6387bc5419e9788a773a080eea5f1e1",
        "type": "github"
      },
      "original": {
        "owner": "catppuccin",
        "ref": "main",
        "repo": "foot",
        "type": "github"
      }
    },
    "chaotic": {
      "inputs": {
        "fenix": "fenix",
        "flake-schemas": "flake-schemas",
        "home-manager": "home-manager",
        "jovian": "jovian",
        "nixpkgs": "nixpkgs"
      },
      "locked": {
        "lastModified": 1744455756,
        "narHash": "sha256-wPZ1GfwpUsz/4nFrVXk8fmiXn8kHiYSQEQWeAq48ONY=",
        "owner": "chaotic-cx",
        "repo": "nyx",
        "rev": "99f9f08455cf22de124c059b18988ee8d452285b",
        "type": "github"
      },
      "original": {
        "owner": "chaotic-cx",
        "ref": "nyxpkgs-unstable",
        "repo": "nyx",
        "type": "github"
      }
    },
    "disko": {
      "inputs": {
        "nixpkgs": [
          "nixpkgs"
        ]
      },
      "locked": {
        "lastModified": 1744145203,
        "narHash": "sha256-I2oILRiJ6G+BOSjY+0dGrTPe080L3pbKpc+gCV3Nmyk=",
        "owner": "nix-community",
        "repo": "disko",
        "rev": "76c0a6dba345490508f36c1aa3c7ba5b6b460989",
        "type": "github"
      },
      "original": {
        "owner": "nix-community",
        "repo": "disko",
        "type": "github"
      }
    },
    "fenix": {
      "inputs": {
        "nixpkgs": [
          "chaotic",
          "nixpkgs"
        ],
        "rust-analyzer-src": "rust-analyzer-src"
      },
      "locked": {
        "lastModified": 1744231114,
        "narHash": "sha256-60gLl2rJFt6SRwqWimsTAeHgfsIE1iV0zChdJFOvx8w=",
        "owner": "nix-community",
        "repo": "fenix",
        "rev": "0ccfe532b1433da8e5a23cd513ff6847e0f6a8c2",
        "type": "github"
      },
      "original": {
        "owner": "nix-community",
        "repo": "fenix",
        "type": "github"
      }
    },
    "flake-schemas": {
      "locked": {
        "lastModified": 1721999734,
        "narHash": "sha256-G5CxYeJVm4lcEtaO87LKzOsVnWeTcHGKbKxNamNWgOw=",
        "rev": "0a5c42297d870156d9c57d8f99e476b738dcd982",
        "revCount": 75,
        "type": "tarball",
        "url": "https://api.flakehub.com/f/pinned/DeterminateSystems/flake-schemas/0.1.5/0190ef2f-61e0-794b-ba14-e82f225e55e6/source.tar.gz"
      },
      "original": {
        "type": "tarball",
        "url": "https://flakehub.com/f/DeterminateSystems/flake-schemas/%3D0.1.5.tar.gz"
      }
    },
    "gitalias": {
      "flake": false,
      "locked": {
        "lastModified": 1744359216,
        "narHash": "sha256-hU+jIk6sYmDZB8S37BN1v5PjQcUgm2PHAZFoCMvQSxY=",
        "owner": "GitAlias",
        "repo": "gitalias",
        "rev": "b5b202682ed6934b7177fe56eea646e68b96e211",
        "type": "github"
      },
      "original": {
        "owner": "GitAlias",
        "ref": "main",
        "repo": "gitalias",
        "type": "github"
      }
    },
    "home-manager": {
      "inputs": {
        "nixpkgs": [
          "chaotic",
          "nixpkgs"
        ]
      },
      "locked": {
        "lastModified": 1744400600,
        "narHash": "sha256-qYhUgA98mhq1QK13r9qVY+sG1ri6FBgyp+GApX6wS20=",
        "owner": "nix-community",
        "repo": "home-manager",
        "rev": "b74b22bb6167e8dff083ec6988c98798bf8954d3",
        "type": "github"
      },
      "original": {
        "owner": "nix-community",
        "repo": "home-manager",
        "type": "github"
      }
    },
    "home-manager_2": {
      "inputs": {
        "nixpkgs": [
          "nixpkgs"
        ]
      },
      "locked": {
        "lastModified": 1744618730,
        "narHash": "sha256-n3gN7aHwVRnnBZI64EDoKyJnWidNYJ0xezhqQtdjH2Q=",
        "owner": "nix-community",
        "repo": "home-manager",
        "rev": "85dd758c703ffbf9d97f34adcef3a898b54b4014",
        "type": "github"
      },
      "original": {
        "owner": "nix-community",
        "ref": "master",
        "repo": "home-manager",
        "type": "github"
      }
    },
    "jovian": {
      "inputs": {
        "nix-github-actions": "nix-github-actions",
        "nixpkgs": [
          "chaotic",
          "nixpkgs"
        ]
      },
      "locked": {
        "lastModified": 1744270169,
        "narHash": "sha256-yV6OhBUj3Ag1l9gdf7eObkAoli35SUxDtFvC8JbsVrk=",
        "owner": "Jovian-Experiments",
        "repo": "Jovian-NixOS",
        "rev": "10d3614023e2fb15e5e7089235e9958b9aa71a6c",
        "type": "github"
      },
      "original": {
        "owner": "Jovian-Experiments",
        "repo": "Jovian-NixOS",
        "type": "github"
      }
    },
    "nix-github-actions": {
      "inputs": {
        "nixpkgs": [
          "chaotic",
          "jovian",
          "nixpkgs"
        ]
      },
      "locked": {
        "lastModified": 1729697500,
        "narHash": "sha256-VFTWrbzDlZyFHHb1AlKRiD/qqCJIripXKiCSFS8fAOY=",
        "owner": "zhaofengli",
        "repo": "nix-github-actions",
        "rev": "e418aeb728b6aa5ca8c5c71974e7159c2df1d8cf",
        "type": "github"
      },
      "original": {
        "owner": "zhaofengli",
        "ref": "matrix-name",
        "repo": "nix-github-actions",
        "type": "github"
      }
    },
    "nix-secrets": {
      "flake": false,
      "locked": {
        "lastModified": 1726637518,
        "narHash": "sha256-fug79R5WKX6d2ZKI9FecPL/Gb/JV90oB3A6BVoUMe0E=",
        "ref": "main",
        "rev": "e99df5b04edce1fa63fd034fd88ea6178280c1fe",
        "shallow": true,
        "type": "git",
        "url": "file:///data/nix-secrets"
      },
      "original": {
        "ref": "main",
        "shallow": true,
        "type": "git",
        "url": "file:///data/nix-secrets"
      }
    },
    "nixos-hardware": {
      "locked": {
        "lastModified": 1744366945,
        "narHash": "sha256-OuLhysErPHl53BBifhesrRumJNhrlSgQDfYOTXfgIMg=",
        "owner": "NixOS",
        "repo": "nixos-hardware",
        "rev": "1fe3cc2bc5d2dc9c81cb4e63d2f67c1543340df1",
        "type": "github"
      },
      "original": {
        "owner": "NixOS",
        "ref": "master",
        "repo": "nixos-hardware",
        "type": "github"
      }
    },
    "nixpkgs": {
      "locked": {
        "lastModified": 1744232761,
        "narHash": "sha256-gbl9hE39nQRpZaLjhWKmEu5ejtQsgI5TWYrIVVJn30U=",
        "owner": "NixOS",
        "repo": "nixpkgs",
        "rev": "f675531bc7e6657c10a18b565cfebd8aa9e24c14",
        "type": "github"
      },
      "original": {
        "owner": "NixOS",
        "ref": "nixos-unstable",
        "repo": "nixpkgs",
        "type": "github"
      }
    },
    "nixpkgs_2": {
      "locked": {
        "lastModified": 1744463964,
        "narHash": "sha256-LWqduOgLHCFxiTNYi3Uj5Lgz0SR+Xhw3kr/3Xd0GPTM=",
        "owner": "NixOS",
        "repo": "nixpkgs",
        "rev": "2631b0b7abcea6e640ce31cd78ea58910d31e650",
        "type": "github"
      },
      "original": {
        "owner": "NixOS",
        "ref": "nixos-unstable",
        "repo": "nixpkgs",
        "type": "github"
      }
    },
    "root": {
      "inputs": {
        "auto-cpufreq": "auto-cpufreq",
        "betterfox": "betterfox",
        "catppuccin-foot": "catppuccin-foot",
        "chaotic": "chaotic",
        "disko": "disko",
        "gitalias": "gitalias",
        "home-manager": "home-manager_2",
        "nix-secrets": "nix-secrets",
        "nixos-hardware": "nixos-hardware",
        "nixpkgs": "nixpkgs_2",
        "sops-nix": "sops-nix"
      }
    },
    "rust-analyzer-src": {
      "flake": false,
      "locked": {
        "lastModified": 1742296961,
        "narHash": "sha256-gCpvEQOrugHWLimD1wTFOJHagnSEP6VYBDspq96Idu0=",
        "owner": "rust-lang",
        "repo": "rust-analyzer",
        "rev": "15d87419f1a123d8f888d608129c3ce3ff8f13d4",
        "type": "github"
      },
      "original": {
        "owner": "rust-lang",
        "ref": "nightly",
        "repo": "rust-analyzer",
        "type": "github"
      }
    },
    "sops-nix": {
      "inputs": {
        "nixpkgs": [
          "nixpkgs"
        ]
      },
      "locked": {
        "lastModified": 1744518500,
        "narHash": "sha256-lv52pnfiRGp5+xkZEgWr56DWiRgkMFXpiGba3eJ3krE=",
        "owner": "Mic92",
        "repo": "sops-nix",
        "rev": "7e147a1ae90f0d4a374938cdc3df3cdaecb9d388",
        "type": "github"
      },
      "original": {
        "owner": "Mic92",
        "repo": "sops-nix",
        "type": "github"
      }
    }
  },
  "root": "root",
  "version": 7
}
