{
  "nodes": {
    "gitalias": {
      "flake": false,
      "locked": {
        "lastModified": 1713342214,
        "narHash": "sha256-nsHhxG6g0GJ+e7xYE0Kxsp4eAXXQScpRL75DEqkKDmo=",
        "owner": "GitAlias",
        "repo": "gitalias",
        "rev": "6ccbd9cc78691e107a46f42089a3c6fa72c023bb",
        "type": "github"
      },
      "original": {
        "owner": "GitAlias",
        "ref": "main",
        "repo": "gitalias",
        "type": "github"
      }
    },
    "home-manager": {
      "inputs": {
        "nixpkgs": [
          "nixpkgs"
        ]
      },
      "locked": {
        "lastModified": 1714039456,
        "narHash": "sha256-EAjkeoa/0Mdi6KlPVt4E4WZAWuk6EqtZX3cGvNkO0CU=",
        "owner": "nix-community",
        "repo": "home-manager",
        "rev": "6864ca2d2657d57a041110dcaf8be0c4b71346c0",
        "type": "github"
      },
      "original": {
        "owner": "nix-community",
        "ref": "master",
        "repo": "home-manager",
        "type": "github"
      }
    },
    "nixos-hardware": {
      "locked": {
        "lastModified": 1713864415,
        "narHash": "sha256-/BPDMJEkrsFAFOsQWhwm31wezlgshPFlLBn34KEUdVA=",
        "owner": "NixOS",
        "repo": "nixos-hardware",
        "rev": "797f8d8082c7cc3259cba7275c699d4991b09ecc",
        "type": "github"
      },
      "original": {
        "owner": "NixOS",
        "ref": "master",
        "repo": "nixos-hardware",
        "type": "github"
      }
    },
    "nixpkgs": {
      "locked": {
        "lastModified": 1713895582,
        "narHash": "sha256-cfh1hi+6muQMbi9acOlju3V1gl8BEaZBXBR9jQfQi4U=",
        "owner": "NixOS",
        "repo": "nixpkgs",
        "rev": "572af610f6151fd41c212f897c71f7056e3fb518",
        "type": "github"
      },
      "original": {
        "owner": "NixOS",
        "ref": "nixos-unstable",
        "repo": "nixpkgs",
        "type": "github"
      }
    },
    "root": {
      "inputs": {
        "gitalias": "gitalias",
        "home-manager": "home-manager",
        "nixos-hardware": "nixos-hardware",
        "nixpkgs": "nixpkgs"
      }
    }
  },
  "root": "root",
  "version": 7
}
